
Microsoft Visual Studio Solution File, Format Version 12.00
# Visual Studio Version 16
VisualStudioVersion = 16.0.31105.61
MinimumVisualStudioVersion = 10.0.40219.1
Project("{FAE04EC0-301F-11D3-BF4B-00C04F79EFBC}") = "ContactsWebApp", "ContactsWebApp\ContactsWebApp.csproj", "{881AA96A-33B5-4E0F-A4EB-513DFDBD0428}"
EndProject
Global
	GlobalSection(SolutionConfigurationPlatforms) = preSolution
		Debug|Any CPU = Debug|Any CPU
		Release|Any CPU = Release|Any CPU
	EndGlobalSection
	GlobalSection(ProjectConfigurationPlatforms) = postSolution
		{881AA96A-33B5-4E0F-A4EB-513DFDBD0428}.Debug|Any CPU.ActiveCfg = Debug|Any CPU
		{881AA96A-33B5-4E0F-A4EB-513DFDBD0428}.Debug|Any CPU.Build.0 = Debug|Any CPU
		{881AA96A-33B5-4E0F-A4EB-513DFDBD0428}.Release|Any CPU.ActiveCfg = Release|Any CPU
		{881AA96A-33B5-4E0F-A4EB-513DFDBD0428}.Release|Any CPU.Build.0 = Release|Any CPU
	EndGlobalSection
	GlobalSection(SolutionProperties) = preSolution
		HideSolutionNode = FALSE
	EndGlobalSection
	GlobalSection(ExtensibilityGlobals) = postSolution
		SolutionGuid = {0B76AB54-C1A4-48DE-8F2B-CFD01A57C213}
	EndGlobalSection
EndGlobal
